
Microsoft Visual Studio Solution File, Format Version 12.00
# Visual Studio Version 16
VisualStudioVersion = 16.0.29503.13
MinimumVisualStudioVersion = 10.0.40219.1
Project("{FAE04EC0-301F-11D3-BF4B-00C04F79EFBC}") = "CourseLibraryAPI", "CourseLibraryAPI\CourseLibraryAPI.csproj", "{95E5A36E-A216-4062-BF3C-AF2133D67E2D}"
EndProject
Global
	GlobalSection(SolutionConfigurationPlatforms) = preSolution
		Debug|Any CPU = Debug|Any CPU
		Release|Any CPU = Release|Any CPU
	EndGlobalSection
	GlobalSection(ProjectConfigurationPlatforms) = postSolution
		{95E5A36E-A216-4062-BF3C-AF2133D67E2D}.Debug|Any CPU.ActiveCfg = Debug|Any CPU
		{95E5A36E-A216-4062-BF3C-AF2133D67E2D}.Debug|Any CPU.Build.0 = Debug|Any CPU
		{95E5A36E-A216-4062-BF3C-AF2133D67E2D}.Release|Any CPU.ActiveCfg = Release|Any CPU
		{95E5A36E-A216-4062-BF3C-AF2133D67E2D}.Release|Any CPU.Build.0 = Release|Any CPU
	EndGlobalSection
	GlobalSection(SolutionProperties) = preSolution
		HideSolutionNode = FALSE
	EndGlobalSection
	GlobalSection(ExtensibilityGlobals) = postSolution
		SolutionGuid = {57034C37-5A80-4CA4-8838-1FAEF2FFF5CD}
	EndGlobalSection
EndGlobal
